<Solution>
  <Project Path="09_Deneme/9_0_Deneme.csproj" Id="ba218a18-20db-4685-bfb6-21970f7e6ff0" />
  <Project Path="10_Deneme/9_1_Deneme.csproj" Id="70ad753a-489c-416f-94ac-5208dfbe007d" />
  <Project Path="11_Deneme/9_2_Deneme.csproj" Id="722610f4-9321-4acc-b77b-7e50e7ce00d6" />
  <Project Path="1_Deneme/1_Deneme.csproj" />
  <Project Path="2_Deneme/2_Deneme.csproj" />
  <Project Path="3_Odev_1/3_Odev_1.csproj" />
  <Project Path="4_Deneme/4_Deneme.csproj" />
  <Project Path="5_Deneme/5_Deneme.csproj" />
  <Project Path="6_Deneme/6_Deneme.csproj" />
  <Project Path="7_Odev_2/7_Odev_2.csproj" />
  <Project Path="8_Deneme/8_Deneme.csproj" Id="e85a3f20-4f6d-4a9e-908b-ca75eff1543b" />
  <Project Path="9_3_Deneme/9_3_Deneme.csproj" Id="21d495d8-ea8e-45ae-929d-1f1c575ade54" />
</Solution>
